
Microsoft Visual Studio Solution File, Format Version 12.00
# Visual Studio Version 17
VisualStudioVersion = 17.4.33403.182
MinimumVisualStudioVersion = 10.0.40219.1
Project("{9A19103F-16F7-4668-BE54-9A1E7A4F7556}") = "DanceStudio", "DanceStudio.csproj", "{20A7442C-46B8-4C11-A241-69514E1D83B5}"
EndProject
Global
	GlobalSection(SolutionConfigurationPlatforms) = preSolution
		Debug|Any CPU = Debug|Any CPU
		Release|Any CPU = Release|Any CPU
	EndGlobalSection
	GlobalSection(ProjectConfigurationPlatforms) = postSolution
		{20A7442C-46B8-4C11-A241-69514E1D83B5}.Debug|Any CPU.ActiveCfg = Debug|Any CPU
		{20A7442C-46B8-4C11-A241-69514E1D83B5}.Debug|Any CPU.Build.0 = Debug|Any CPU
		{20A7442C-46B8-4C11-A241-69514E1D83B5}.Release|Any CPU.ActiveCfg = Release|Any CPU
		{20A7442C-46B8-4C11-A241-69514E1D83B5}.Release|Any CPU.Build.0 = Release|Any CPU
	EndGlobalSection
	GlobalSection(SolutionProperties) = preSolution
		HideSolutionNode = FALSE
	EndGlobalSection
	GlobalSection(ExtensibilityGlobals) = postSolution
		SolutionGuid = {251AC538-638B-4F89-B52F-08378FE490BC}
	EndGlobalSection
EndGlobal
